
Microsoft Visual Studio Solution File, Format Version 12.00
# Visual Studio 2012
Project("{FAE04EC0-301F-11D3-BF4B-00C04F79EFBC}") = "MyWebService", "D:\WorkSpace\Projects\MyCMS\MyCMS\MyWebService\MyWebService.csproj", "{9AC6E3A9-DD29-46A0-8E5A-292124136024}"
EndProject
Project("{FAE04EC0-301F-11D3-BF4B-00C04F79EFBC}") = "MyWebServiceTest", "D:\WorkSpace\Projects\MyCMS\MyCMS\MyWebServiceTest\MyWebServiceTest.csproj", "{52323CE3-0DAF-4FEA-9D75-E66F150A654A}"
EndProject
Global
	GlobalSection(SolutionConfigurationPlatforms) = preSolution
		Debug|Any CPU = Debug|Any CPU
		Release|Any CPU = Release|Any CPU
	EndGlobalSection
	GlobalSection(ProjectConfigurationPlatforms) = postSolution
		{9AC6E3A9-DD29-46A0-8E5A-292124136024}.Debug|Any CPU.ActiveCfg = Debug|Any CPU
		{9AC6E3A9-DD29-46A0-8E5A-292124136024}.Debug|Any CPU.Build.0 = Debug|Any CPU
		{9AC6E3A9-DD29-46A0-8E5A-292124136024}.Release|Any CPU.ActiveCfg = Release|Any CPU
		{9AC6E3A9-DD29-46A0-8E5A-292124136024}.Release|Any CPU.Build.0 = Release|Any CPU
		{52323CE3-0DAF-4FEA-9D75-E66F150A654A}.Debug|Any CPU.ActiveCfg = Debug|Any CPU
		{52323CE3-0DAF-4FEA-9D75-E66F150A654A}.Debug|Any CPU.Build.0 = Debug|Any CPU
		{52323CE3-0DAF-4FEA-9D75-E66F150A654A}.Release|Any CPU.ActiveCfg = Release|Any CPU
		{52323CE3-0DAF-4FEA-9D75-E66F150A654A}.Release|Any CPU.Build.0 = Release|Any CPU
	EndGlobalSection
	GlobalSection(SolutionProperties) = preSolution
		HideSolutionNode = FALSE
	EndGlobalSection
EndGlobal
