
Microsoft Visual Studio Solution File, Format Version 12.00
# Visual Studio 2012
Project("{FAE04EC0-301F-11D3-BF4B-00C04F79EFBC}") = "AliveWatcherWS", "AliveWatcher\AliveWatcherWS.csproj", "{50FE4C1F-EADD-48A3-8249-58157E4D4F1B}"
EndProject
Project("{FAE04EC0-301F-11D3-BF4B-00C04F79EFBC}") = "AliveWatcherHelper", "AliveWatcherHelper\AliveWatcherHelper.csproj", "{38D74B2D-AD0B-4B40-80E4-4DB6328FDBB0}"
EndProject
Project("{FAE04EC0-301F-11D3-BF4B-00C04F79EFBC}") = "ServiceWatchedClient", "ServiceWatchedClient\ServiceWatchedClient.csproj", "{23A9C12B-E36F-400D-9C20-8DB4C3045CA4}"
EndProject
Global
	GlobalSection(SolutionConfigurationPlatforms) = preSolution
		Debug|Any CPU = Debug|Any CPU
		Debug|Mixed Platforms = Debug|Mixed Platforms
		Debug|x86 = Debug|x86
		Release|Any CPU = Release|Any CPU
		Release|Mixed Platforms = Release|Mixed Platforms
		Release|x86 = Release|x86
	EndGlobalSection
	GlobalSection(ProjectConfigurationPlatforms) = postSolution
		{50FE4C1F-EADD-48A3-8249-58157E4D4F1B}.Debug|Any CPU.ActiveCfg = Debug|x86
		{50FE4C1F-EADD-48A3-8249-58157E4D4F1B}.Debug|Mixed Platforms.ActiveCfg = Debug|x86
		{50FE4C1F-EADD-48A3-8249-58157E4D4F1B}.Debug|Mixed Platforms.Build.0 = Debug|x86
		{50FE4C1F-EADD-48A3-8249-58157E4D4F1B}.Debug|x86.ActiveCfg = Debug|x86
		{50FE4C1F-EADD-48A3-8249-58157E4D4F1B}.Debug|x86.Build.0 = Debug|x86
		{50FE4C1F-EADD-48A3-8249-58157E4D4F1B}.Release|Any CPU.ActiveCfg = Release|x86
		{50FE4C1F-EADD-48A3-8249-58157E4D4F1B}.Release|Mixed Platforms.ActiveCfg = Release|x86
		{50FE4C1F-EADD-48A3-8249-58157E4D4F1B}.Release|Mixed Platforms.Build.0 = Release|x86
		{50FE4C1F-EADD-48A3-8249-58157E4D4F1B}.Release|x86.ActiveCfg = Release|x86
		{50FE4C1F-EADD-48A3-8249-58157E4D4F1B}.Release|x86.Build.0 = Release|x86
		{38D74B2D-AD0B-4B40-80E4-4DB6328FDBB0}.Debug|Any CPU.ActiveCfg = Debug|Any CPU
		{38D74B2D-AD0B-4B40-80E4-4DB6328FDBB0}.Debug|Any CPU.Build.0 = Debug|Any CPU
		{38D74B2D-AD0B-4B40-80E4-4DB6328FDBB0}.Debug|Mixed Platforms.ActiveCfg = Debug|Any CPU
		{38D74B2D-AD0B-4B40-80E4-4DB6328FDBB0}.Debug|Mixed Platforms.Build.0 = Debug|Any CPU
		{38D74B2D-AD0B-4B40-80E4-4DB6328FDBB0}.Debug|x86.ActiveCfg = Debug|Any CPU
		{38D74B2D-AD0B-4B40-80E4-4DB6328FDBB0}.Release|Any CPU.ActiveCfg = Release|Any CPU
		{38D74B2D-AD0B-4B40-80E4-4DB6328FDBB0}.Release|Any CPU.Build.0 = Release|Any CPU
		{38D74B2D-AD0B-4B40-80E4-4DB6328FDBB0}.Release|Mixed Platforms.ActiveCfg = Release|Any CPU
		{38D74B2D-AD0B-4B40-80E4-4DB6328FDBB0}.Release|Mixed Platforms.Build.0 = Release|Any CPU
		{38D74B2D-AD0B-4B40-80E4-4DB6328FDBB0}.Release|x86.ActiveCfg = Release|Any CPU
		{23A9C12B-E36F-400D-9C20-8DB4C3045CA4}.Debug|Any CPU.ActiveCfg = Debug|Any CPU
		{23A9C12B-E36F-400D-9C20-8DB4C3045CA4}.Debug|Any CPU.Build.0 = Debug|Any CPU
		{23A9C12B-E36F-400D-9C20-8DB4C3045CA4}.Debug|Mixed Platforms.ActiveCfg = Debug|Any CPU
		{23A9C12B-E36F-400D-9C20-8DB4C3045CA4}.Debug|Mixed Platforms.Build.0 = Debug|Any CPU
		{23A9C12B-E36F-400D-9C20-8DB4C3045CA4}.Debug|x86.ActiveCfg = Debug|Any CPU
		{23A9C12B-E36F-400D-9C20-8DB4C3045CA4}.Release|Any CPU.ActiveCfg = Release|Any CPU
		{23A9C12B-E36F-400D-9C20-8DB4C3045CA4}.Release|Any CPU.Build.0 = Release|Any CPU
		{23A9C12B-E36F-400D-9C20-8DB4C3045CA4}.Release|Mixed Platforms.ActiveCfg = Release|Any CPU
		{23A9C12B-E36F-400D-9C20-8DB4C3045CA4}.Release|Mixed Platforms.Build.0 = Release|Any CPU
		{23A9C12B-E36F-400D-9C20-8DB4C3045CA4}.Release|x86.ActiveCfg = Release|Any CPU
	EndGlobalSection
	GlobalSection(SolutionProperties) = preSolution
		HideSolutionNode = FALSE
	EndGlobalSection
EndGlobal
